{
  "requires": true,
  "lockfileVersion": 1,
  "dependencies": {
    "playlist-parser": {
      "version": "0.0.12",
      "resolved": "https://registry.npmjs.org/playlist-parser/-/playlist-parser-0.0.12.tgz",
      "integrity": "sha1-QlDlsRdxrWghOYO/m7bsq2Td9SY=",
      "requires": {
        "xmldom": "0.1.16"
      }
    },
    "xmldom": {
      "version": "0.1.16",
      "resolved": "https://registry.npmjs.org/xmldom/-/xmldom-0.1.16.tgz",
      "integrity": "sha1-zyYCgysatcPmgT/KCP5wGWuhXow="
    }
  }
}
